{
    "name": "laravel",
    "lockfileVersion": 2,
    "requires": true,
    "packages": {
        "": {
            "devDependencies": {
                "axios": "^0.27",
                "datatables.net": "^1.12.1",
                "datatables.net-dt": "^1.12.1",
                "jquery": "^3.6.1",
                "laravel-vite-plugin": "^0.6.0",
                "lodash": "^4.17.19",
                "postcss": "^8.1.14",
                "vite": "^3.0.0"
            }
        },
        "node_modules/asynckit": {
            "version": "0.4.0",
            "dev": true,
            "license": "MIT"
        },
        "node_modules/axios": {
            "version": "0.27.2",
            "dev": true,
            "license": "MIT",
            "dependencies": {
                "follow-redirects": "^1.14.9",
                "form-data": "^4.0.0"
            }
        },
        "node_modules/combined-stream": {
            "version": "1.0.8",
            "dev": true,
            "license": "MIT",
            "dependencies": {
                "delayed-stream": "~1.0.0"
            },
            "engines": {
                "node": ">= 0.8"
            }
        },
        "node_modules/datatables.net": {
            "version": "1.12.1",
            "resolved": "https://registry.npmjs.org/datatables.net/-/datatables.net-1.12.1.tgz",
            "integrity": "sha512-e6XAMUoV41JdQPS/r9YRfRcmTPcCVvyZbWI+xog1Zg+kjVliMQbEkvWK5XFItmi64Cvwg+IqsZbTUJ1KSY3umA==",
            "dev": true,
            "dependencies": {
                "jquery": ">=1.7"
            }
        },
        "node_modules/datatables.net-dt": {
            "version": "1.12.1",
            "resolved": "https://registry.npmjs.org/datatables.net-dt/-/datatables.net-dt-1.12.1.tgz",
            "integrity": "sha512-HYsHbSYqOqlgsgjKMH/kkCB5455t51GmmtXRxgnDMRbjPLEIKo5CZmAlUe5mdD/RVPRtAUaj5K3SDlkEZ1bUmw==",
            "dev": true,
            "dependencies": {
                "datatables.net": ">=1.11.3",
                "jquery": ">=1.7"
            }
        },
        "node_modules/delayed-stream": {
            "version": "1.0.0",
            "dev": true,
            "license": "MIT",
            "engines": {
                "node": ">=0.4.0"
            }
        },
        "node_modules/esbuild": {
            "version": "0.15.9",
            "dev": true,
            "hasInstallScript": true,
            "license": "MIT",
            "bin": {
                "esbuild": "bin/esbuild"
            },
            "engines": {
                "node": ">=12"
            },
            "optionalDependencies": {
                "@esbuild/android-arm": "0.15.9",
                "@esbuild/linux-loong64": "0.15.9",
                "esbuild-android-64": "0.15.9",
                "esbuild-android-arm64": "0.15.9",
                "esbuild-darwin-64": "0.15.9",
                "esbuild-darwin-arm64": "0.15.9",
                "esbuild-freebsd-64": "0.15.9",
                "esbuild-freebsd-arm64": "0.15.9",
                "esbuild-linux-32": "0.15.9",
                "esbuild-linux-64": "0.15.9",
                "esbuild-linux-arm": "0.15.9",
                "esbuild-linux-arm64": "0.15.9",
                "esbuild-linux-mips64le": "0.15.9",
                "esbuild-linux-ppc64le": "0.15.9",
                "esbuild-linux-riscv64": "0.15.9",
                "esbuild-linux-s390x": "0.15.9",
                "esbuild-netbsd-64": "0.15.9",
                "esbuild-openbsd-64": "0.15.9",
                "esbuild-sunos-64": "0.15.9",
                "esbuild-windows-32": "0.15.9",
                "esbuild-windows-64": "0.15.9",
                "esbuild-windows-arm64": "0.15.9"
            }
        },
        "node_modules/esbuild-darwin-64": {
            "version": "0.15.9",
            "cpu": [
                "x64"
            ],
            "dev": true,
            "license": "MIT",
            "optional": true,
            "os": [
                "darwin"
            ],
            "engines": {
                "node": ">=12"
            }
        },
        "node_modules/follow-redirects": {
            "version": "1.15.2",
            "dev": true,
            "funding": [
                {
                    "type": "individual",
                    "url": "https://github.com/sponsors/RubenVerborgh"
                }
            ],
            "license": "MIT",
            "engines": {
                "node": ">=4.0"
            },
            "peerDependenciesMeta": {
                "debug": {
                    "optional": true
                }
            }
        },
        "node_modules/form-data": {
            "version": "4.0.0",
            "dev": true,
            "license": "MIT",
            "dependencies": {
                "asynckit": "^0.4.0",
                "combined-stream": "^1.0.8",
                "mime-types": "^2.1.12"
            },
            "engines": {
                "node": ">= 6"
            }
        },
        "node_modules/fsevents": {
            "version": "2.3.2",
            "dev": true,
            "license": "MIT",
            "optional": true,
            "os": [
                "darwin"
            ],
            "engines": {
                "node": "^8.16.0 || ^10.6.0 || >=11.0.0"
            }
        },
        "node_modules/function-bind": {
            "version": "1.1.1",
            "dev": true,
            "license": "MIT"
        },
        "node_modules/has": {
            "version": "1.0.3",
            "dev": true,
            "license": "MIT",
            "dependencies": {
                "function-bind": "^1.1.1"
            },
            "engines": {
                "node": ">= 0.4.0"
            }
        },
        "node_modules/is-core-module": {
            "version": "2.10.0",
            "dev": true,
            "license": "MIT",
            "dependencies": {
                "has": "^1.0.3"
            },
            "funding": {
                "url": "https://github.com/sponsors/ljharb"
            }
        },
        "node_modules/jquery": {
            "version": "3.6.1",
            "dev": true,
            "license": "MIT"
        },
        "node_modules/laravel-vite-plugin": {
            "version": "0.6.1",
            "dev": true,
            "license": "MIT",
            "dependencies": {
                "vite-plugin-full-reload": "^1.0.1"
            },
            "engines": {
                "node": ">=14"
            },
            "peerDependencies": {
                "vite": "^3.0.0"
            }
        },
        "node_modules/lodash": {
            "version": "4.17.21",
            "dev": true,
            "license": "MIT"
        },
        "node_modules/mime-db": {
            "version": "1.52.0",
            "dev": true,
            "license": "MIT",
            "engines": {
                "node": ">= 0.6"
            }
        },
        "node_modules/mime-types": {
            "version": "2.1.35",
            "dev": true,
            "license": "MIT",
            "dependencies": {
                "mime-db": "1.52.0"
            },
            "engines": {
                "node": ">= 0.6"
            }
        },
        "node_modules/nanoid": {
            "version": "3.3.4",
            "dev": true,
            "license": "MIT",
            "bin": {
                "nanoid": "bin/nanoid.cjs"
            },
            "engines": {
                "node": "^10 || ^12 || ^13.7 || ^14 || >=15.0.1"
            }
        },
        "node_modules/path-parse": {
            "version": "1.0.7",
            "dev": true,
            "license": "MIT"
        },
        "node_modules/picocolors": {
            "version": "1.0.0",
            "dev": true,
            "license": "ISC"
        },
        "node_modules/picomatch": {
            "version": "2.3.1",
            "dev": true,
            "license": "MIT",
            "engines": {
                "node": ">=8.6"
            },
            "funding": {
                "url": "https://github.com/sponsors/jonschlinkert"
            }
        },
        "node_modules/postcss": {
            "version": "8.4.16",
            "dev": true,
            "funding": [
                {
                    "type": "opencollective",
                    "url": "https://opencollective.com/postcss/"
                },
                {
                    "type": "tidelift",
                    "url": "https://tidelift.com/funding/github/npm/postcss"
                }
            ],
            "license": "MIT",
            "dependencies": {
                "nanoid": "^3.3.4",
                "picocolors": "^1.0.0",
                "source-map-js": "^1.0.2"
            },
            "engines": {
                "node": "^10 || ^12 || >=14"
            }
        },
        "node_modules/resolve": {
            "version": "1.22.1",
            "dev": true,
            "license": "MIT",
            "dependencies": {
                "is-core-module": "^2.9.0",
                "path-parse": "^1.0.7",
                "supports-preserve-symlinks-flag": "^1.0.0"
            },
            "bin": {
                "resolve": "bin/resolve"
            },
            "funding": {
                "url": "https://github.com/sponsors/ljharb"
            }
        },
        "node_modules/rollup": {
            "version": "2.78.1",
            "dev": true,
            "license": "MIT",
            "bin": {
                "rollup": "dist/bin/rollup"
            },
            "engines": {
                "node": ">=10.0.0"
            },
            "optionalDependencies": {
                "fsevents": "~2.3.2"
            }
        },
        "node_modules/source-map-js": {
            "version": "1.0.2",
            "dev": true,
            "license": "BSD-3-Clause",
            "engines": {
                "node": ">=0.10.0"
            }
        },
        "node_modules/supports-preserve-symlinks-flag": {
            "version": "1.0.0",
            "dev": true,
            "license": "MIT",
            "engines": {
                "node": ">= 0.4"
            },
            "funding": {
                "url": "https://github.com/sponsors/ljharb"
            }
        },
        "node_modules/vite": {
            "version": "3.1.3",
            "dev": true,
            "license": "MIT",
            "dependencies": {
                "esbuild": "^0.15.6",
                "postcss": "^8.4.16",
                "resolve": "^1.22.1",
                "rollup": "~2.78.0"
            },
            "bin": {
                "vite": "bin/vite.js"
            },
            "engines": {
                "node": "^14.18.0 || >=16.0.0"
            },
            "optionalDependencies": {
                "fsevents": "~2.3.2"
            },
            "peerDependencies": {
                "less": "*",
                "sass": "*",
                "stylus": "*",
                "terser": "^5.4.0"
            },
            "peerDependenciesMeta": {
                "less": {
                    "optional": true
                },
                "sass": {
                    "optional": true
                },
                "stylus": {
                    "optional": true
                },
                "terser": {
                    "optional": true
                }
            }
        },
        "node_modules/vite-plugin-full-reload": {
            "version": "1.0.4",
            "dev": true,
            "license": "MIT",
            "dependencies": {
                "picocolors": "^1.0.0",
                "picomatch": "^2.3.1"
            },
            "peerDependencies": {
                "vite": "^2 || ^3"
            }
        }
    },
    "dependencies": {
        "asynckit": {
            "version": "0.4.0",
            "dev": true
        },
        "axios": {
            "version": "0.27.2",
            "dev": true,
            "requires": {
                "follow-redirects": "^1.14.9",
                "form-data": "^4.0.0"
            }
        },
        "combined-stream": {
            "version": "1.0.8",
            "dev": true,
            "requires": {
                "delayed-stream": "~1.0.0"
            }
        },
        "datatables.net": {
            "version": "1.12.1",
            "resolved": "https://registry.npmjs.org/datatables.net/-/datatables.net-1.12.1.tgz",
            "integrity": "sha512-e6XAMUoV41JdQPS/r9YRfRcmTPcCVvyZbWI+xog1Zg+kjVliMQbEkvWK5XFItmi64Cvwg+IqsZbTUJ1KSY3umA==",
            "dev": true,
            "requires": {
                "jquery": ">=1.7"
            }
        },
        "datatables.net-dt": {
            "version": "1.12.1",
            "resolved": "https://registry.npmjs.org/datatables.net-dt/-/datatables.net-dt-1.12.1.tgz",
            "integrity": "sha512-HYsHbSYqOqlgsgjKMH/kkCB5455t51GmmtXRxgnDMRbjPLEIKo5CZmAlUe5mdD/RVPRtAUaj5K3SDlkEZ1bUmw==",
            "dev": true,
            "requires": {
                "datatables.net": ">=1.11.3",
                "jquery": ">=1.7"
            }
        },
        "delayed-stream": {
            "version": "1.0.0",
            "dev": true
        },
        "esbuild": {
            "version": "0.15.9",
            "dev": true,
            "requires": {
                "@esbuild/android-arm": "0.15.9",
                "@esbuild/linux-loong64": "0.15.9",
                "esbuild-android-64": "0.15.9",
                "esbuild-android-arm64": "0.15.9",
                "esbuild-darwin-64": "0.15.9",
                "esbuild-darwin-arm64": "0.15.9",
                "esbuild-freebsd-64": "0.15.9",
                "esbuild-freebsd-arm64": "0.15.9",
                "esbuild-linux-32": "0.15.9",
                "esbuild-linux-64": "0.15.9",
                "esbuild-linux-arm": "0.15.9",
                "esbuild-linux-arm64": "0.15.9",
                "esbuild-linux-mips64le": "0.15.9",
                "esbuild-linux-ppc64le": "0.15.9",
                "esbuild-linux-riscv64": "0.15.9",
                "esbuild-linux-s390x": "0.15.9",
                "esbuild-netbsd-64": "0.15.9",
                "esbuild-openbsd-64": "0.15.9",
                "esbuild-sunos-64": "0.15.9",
                "esbuild-windows-32": "0.15.9",
                "esbuild-windows-64": "0.15.9",
                "esbuild-windows-arm64": "0.15.9"
            }
        },
        "esbuild-darwin-64": {
            "version": "0.15.9",
            "dev": true,
            "optional": true
        },
        "follow-redirects": {
            "version": "1.15.2",
            "dev": true
        },
        "form-data": {
            "version": "4.0.0",
            "dev": true,
            "requires": {
                "asynckit": "^0.4.0",
                "combined-stream": "^1.0.8",
                "mime-types": "^2.1.12"
            }
        },
        "fsevents": {
            "version": "2.3.2",
            "dev": true,
            "optional": true
        },
        "function-bind": {
            "version": "1.1.1",
            "dev": true
        },
        "has": {
            "version": "1.0.3",
            "dev": true,
            "requires": {
                "function-bind": "^1.1.1"
            }
        },
        "is-core-module": {
            "version": "2.10.0",
            "dev": true,
            "requires": {
                "has": "^1.0.3"
            }
        },
        "jquery": {
            "version": "3.6.1",
            "dev": true
        },
        "laravel-vite-plugin": {
            "version": "0.6.1",
            "dev": true,
            "requires": {
                "vite-plugin-full-reload": "^1.0.1"
            }
        },
        "lodash": {
            "version": "4.17.21",
            "dev": true
        },
        "mime-db": {
            "version": "1.52.0",
            "dev": true
        },
        "mime-types": {
            "version": "2.1.35",
            "dev": true,
            "requires": {
                "mime-db": "1.52.0"
            }
        },
        "nanoid": {
            "version": "3.3.4",
            "dev": true
        },
        "path-parse": {
            "version": "1.0.7",
            "dev": true
        },
        "picocolors": {
            "version": "1.0.0",
            "dev": true
        },
        "picomatch": {
            "version": "2.3.1",
            "dev": true
        },
        "postcss": {
            "version": "8.4.16",
            "dev": true,
            "requires": {
                "nanoid": "^3.3.4",
                "picocolors": "^1.0.0",
                "source-map-js": "^1.0.2"
            }
        },
        "resolve": {
            "version": "1.22.1",
            "dev": true,
            "requires": {
                "is-core-module": "^2.9.0",
                "path-parse": "^1.0.7",
                "supports-preserve-symlinks-flag": "^1.0.0"
            }
        },
        "rollup": {
            "version": "2.78.1",
            "dev": true,
            "requires": {
                "fsevents": "~2.3.2"
            }
        },
        "source-map-js": {
            "version": "1.0.2",
            "dev": true
        },
        "supports-preserve-symlinks-flag": {
            "version": "1.0.0",
            "dev": true
        },
        "vite": {
            "version": "3.1.3",
            "dev": true,
            "requires": {
                "esbuild": "^0.15.6",
                "fsevents": "~2.3.2",
                "postcss": "^8.4.16",
                "resolve": "^1.22.1",
                "rollup": "~2.78.0"
            }
        },
        "vite-plugin-full-reload": {
            "version": "1.0.4",
            "dev": true,
            "requires": {
                "picocolors": "^1.0.0",
                "picomatch": "^2.3.1"
            }
        }
    }
}
